// !$*UTF8*$!
{
	archiveVersion = 1;
	classes = {
	};
	objectVersion = 46;
	objects = {

/* Begin PBXBuildFile section */
		4E043BB11A2E5AD700DF4156 /* GOLAppDelegate.m in Sources */ = {isa = PBXBuildFile; fileRef = 4E043BAA1A2E5AD700DF4156 /* GOLAppDelegate.m */; };
		4E043BB31A2E5AD700DF4156 /* GOLCellView.m in Sources */ = {isa = PBXBuildFile; fileRef = 4E043BAE1A2E5AD700DF4156 /* GOLCellView.m */; };
		4E043BB41A2E5AD700DF4156 /* GOLViewController.m in Sources */ = {isa = PBXBuildFile; fileRef = 4E043BB01A2E5AD700DF4156 /* GOLViewController.m */; };
		4EA8E66019EAAABE00FD96CC /* Info.plist in Resources */ = {isa = PBXBuildFile; fileRef = 4EA8E65E19EAAABE00FD96CC /* Info.plist */; };
		4EA8E66119EAAABE00FD96CC /* main.m in Sources */ = {isa = PBXBuildFile; fileRef = 4EA8E65F19EAAABE00FD96CC /* main.m */; };
		4EA8E66B19EAAAFA00FD96CC /* Images.xcassets in Resources */ = {isa = PBXBuildFile; fileRef = 4EA8E66A19EAAAFA00FD96CC /* Images.xcassets */; };
		4EA8E67719EAAD8300FD96CC /* LaunchScreen.xib in Resources */ = {isa = PBXBuildFile; fileRef = 4EA8E67319EAAD8300FD96CC /* LaunchScreen.xib */; };
		4EA8E67819EAAD8300FD96CC /* Main.storyboard in Resources */ = {isa = PBXBuildFile; fileRef = 4EA8E67519EAAD8300FD96CC /* Main.storyboard */; };
/* End PBXBuildFile section */

/* Begin PBXFileReference section */
		4E043BA91A2E5AD700DF4156 /* GOLAppDelegate.h */ = {isa = PBXFileReference; fileEncoding = 4; lastKnownFileType = sourcecode.c.h; name = GOLAppDelegate.h; path = GameOfLife/Classes/GOLAppDelegate.h; sourceTree = SOURCE_ROOT; };
		4E043BAA1A2E5AD700DF4156 /* GOLAppDelegate.m */ = {isa = PBXFileReference; fileEncoding = 4; lastKnownFileType = sourcecode.c.objc; name = GOLAppDelegate.m; path = GameOfLife/Classes/GOLAppDelegate.m; sourceTree = SOURCE_ROOT; };
		4E043BAD1A2E5AD700DF4156 /* GOLCellView.h */ = {isa = PBXFileReference; fileEncoding = 4; lastKnownFileType = sourcecode.c.h; name = GOLCellView.h; path = GameOfLife/Classes/GOLCellView.h; sourceTree = SOURCE_ROOT; };
		4E043BAE1A2E5AD700DF4156 /* GOLCellView.m */ = {isa = PBXFileReference; fileEncoding = 4; lastKnownFileType = sourcecode.c.objc; name = GOLCellView.m; path = GameOfLife/Classes/GOLCellView.m; sourceTree = SOURCE_ROOT; };
		4E043BAF1A2E5AD700DF4156 /* GOLViewController.h */ = {isa = PBXFileReference; fileEncoding = 4; lastKnownFileType = sourcecode.c.h; name = GOLViewController.h; path = GameOfLife/Classes/GOLViewController.h; sourceTree = SOURCE_ROOT; };
		4E043BB01A2E5AD700DF4156 /* GOLViewController.m */ = {isa = PBXFileReference; fileEncoding = 4; lastKnownFileType = sourcecode.c.objc; name = GOLViewController.m; path = GameOfLife/Classes/GOLViewController.m; sourceTree = SOURCE_ROOT; };
		4E099B8219DEB77F00BAC93F /* GameOfLife.app */ = {isa = PBXFileReference; explicitFileType = wrapper.application; includeInIndex = 0; path = GameOfLife.app; sourceTree = BUILT_PRODUCTS_DIR; };
		4EA8E65E19EAAABE00FD96CC /* Info.plist */ = {isa = PBXFileReference; fileEncoding = 4; lastKnownFileType = text.plist.xml; name = Info.plist; path = GameOfLife/Info.plist; sourceTree = SOURCE_ROOT; };
		4EA8E65F19EAAABE00FD96CC /* main.m */ = {isa = PBXFileReference; fileEncoding = 4; lastKnownFileType = sourcecode.c.objc; name = main.m; path = GameOfLife/main.m; sourceTree = SOURCE_ROOT; };
		4EA8E66A19EAAAFA00FD96CC /* Images.xcassets */ = {isa = PBXFileReference; lastKnownFileType = folder.assetcatalog; name = Images.xcassets; path = GameOfLife/Images.xcassets; sourceTree = SOURCE_ROOT; };
		4EA8E67419EAAD8300FD96CC /* Base */ = {isa = PBXFileReference; lastKnownFileType = file.xib; name = Base; path = LaunchScreen.xib; sourceTree = "<group>"; };
		4EA8E67619EAAD8300FD96CC /* Base */ = {isa = PBXFileReference; lastKnownFileType = file.storyboard; name = Base; path = Main.storyboard; sourceTree = "<group>"; };
/* End PBXFileReference section */

/* Begin PBXFrameworksBuildPhase section */
		4E099B7F19DEB77F00BAC93F /* Frameworks */ = {
			isa = PBXFrameworksBuildPhase;
			buildActionMask = 2147483647;
			files = (
			);
			runOnlyForDeploymentPostprocessing = 0;
		};
/* End PBXFrameworksBuildPhase section */

/* Begin PBXGroup section */
		4E099B7919DEB77F00BAC93F = {
			isa = PBXGroup;
			children = (
				4E099B8419DEB77F00BAC93F /* Classes */,
				4E099B8519DEB77F00BAC93F /* Supporting Files */,
				4E099B8319DEB77F00BAC93F /* Products */,
			);
			sourceTree = "<group>";
		};
		4E099B8319DEB77F00BAC93F /* Products */ = {
			isa = PBXGroup;
			children = (
				4E099B8219DEB77F00BAC93F /* GameOfLife.app */,
			);
			name = Products;
			sourceTree = "<group>";
		};
		4E099B8419DEB77F00BAC93F /* Classes */ = {
			isa = PBXGroup;
			children = (
				4E043BA91A2E5AD700DF4156 /* GOLAppDelegate.h */,
				4E043BAA1A2E5AD700DF4156 /* GOLAppDelegate.m */,
				4E043BAF1A2E5AD700DF4156 /* GOLViewController.h */,
				4E043BB01A2E5AD700DF4156 /* GOLViewController.m */,
				4E043BAD1A2E5AD700DF4156 /* GOLCellView.h */,
				4E043BAE1A2E5AD700DF4156 /* GOLCellView.m */,
			);
			name = Classes;
			path = testGame;
			sourceTree = "<group>";
		};
		4E099B8519DEB77F00BAC93F /* Supporting Files */ = {
			isa = PBXGroup;
			children = (
				4EA8E65E19EAAABE00FD96CC /* Info.plist */,
				4EA8E65F19EAAABE00FD96CC /* main.m */,
				4EA8E66A19EAAAFA00FD96CC /* Images.xcassets */,
				4EA8E67219EAAD8300FD96CC /* Base.lproj */,
			);
			name = "Supporting Files";
			path = testGame;
			sourceTree = "<group>";
		};
		4EA8E67219EAAD8300FD96CC /* Base.lproj */ = {
			isa = PBXGroup;
			children = (
				4EA8E67319EAAD8300FD96CC /* LaunchScreen.xib */,
				4EA8E67519EAAD8300FD96CC /* Main.storyboard */,
			);
			name = Base.lproj;
			path = GameOfLife/Base.lproj;
			sourceTree = SOURCE_ROOT;
		};
/* End PBXGroup section */

/* Begin PBXNativeTarget section */
		4E099B8119DEB77F00BAC93F /* GameOfLife */ = {
			isa = PBXNativeTarget;
			buildConfigurationList = 4E099BA519DEB77F00BAC93F /* Build configuration list for PBXNativeTarget "GameOfLife" */;
			buildPhases = (
				4E099B7E19DEB77F00BAC93F /* Sources */,
				4E099B7F19DEB77F00BAC93F /* Frameworks */,
				4E099B8019DEB77F00BAC93F /* Resources */,
			);
			buildRules = (
			);
			dependencies = (
			);
			name = GameOfLife;
			productName = testGame;
			productReference = 4E099B8219DEB77F00BAC93F /* GameOfLife.app */;
			productType = "com.apple.product-type.application";
		};
/* End PBXNativeTarget section */

/* Begin PBXProject section */
		4E099B7A19DEB77F00BAC93F /* Project object */ = {
			isa = PBXProject;
			attributes = {
				LastUpgradeCheck = 0600;
				ORGANIZATIONNAME = guardian;
				TargetAttributes = {
					4E099B8119DEB77F00BAC93F = {
						CreatedOnToolsVersion = 6.0;
					};
				};
			};
			buildConfigurationList = 4E099B7D19DEB77F00BAC93F /* Build configuration list for PBXProject "GameOfLife" */;
			compatibilityVersion = "Xcode 3.2";
			developmentRegion = English;
			hasScannedForEncodings = 0;
			knownRegions = (
				en,
				Base,
			);
			mainGroup = 4E099B7919DEB77F00BAC93F;
			productRefGroup = 4E099B8319DEB77F00BAC93F /* Products */;
			projectDirPath = "";
			projectRoot = "";
			targets = (
				4E099B8119DEB77F00BAC93F /* GameOfLife */,
			);
		};
/* End PBXProject section */

/* Begin PBXResourcesBuildPhase section */
		4E099B8019DEB77F00BAC93F /* Resources */ = {
			isa = PBXResourcesBuildPhase;
			buildActionMask = 2147483647;
			files = (
				4EA8E67719EAAD8300FD96CC /* LaunchScreen.xib in Resources */,
				4EA8E67819EAAD8300FD96CC /* Main.storyboard in Resources */,
				4EA8E66019EAAABE00FD96CC /* Info.plist in Resources */,
				4EA8E66B19EAAAFA00FD96CC /* Images.xcassets in Resources */,
			);
			runOnlyForDeploymentPostprocessing = 0;
		};
/* End PBXResourcesBuildPhase section */

/* Begin PBXSourcesBuildPhase section */
		4E099B7E19DEB77F00BAC93F /* Sources */ = {
			isa = PBXSourcesBuildPhase;
			buildActionMask = 2147483647;
			files = (
				4EA8E66119EAAABE00FD96CC /* main.m in Sources */,
				4E043BB31A2E5AD700DF4156 /* GOLCellView.m in Sources */,
				4E043BB11A2E5AD700DF4156 /* GOLAppDelegate.m in Sources */,
				4E043BB41A2E5AD700DF4156 /* GOLViewController.m in Sources */,
			);
			runOnlyForDeploymentPostprocessing = 0;
		};
/* End PBXSourcesBuildPhase section */

/* Begin PBXVariantGroup section */
		4EA8E67319EAAD8300FD96CC /* LaunchScreen.xib */ = {
			isa = PBXVariantGroup;
			children = (
				4EA8E67419EAAD8300FD96CC /* Base */,
			);
			name = LaunchScreen.xib;
			sourceTree = "<group>";
		};
		4EA8E67519EAAD8300FD96CC /* Main.storyboard */ = {
			isa = PBXVariantGroup;
			children = (
				4EA8E67619EAAD8300FD96CC /* Base */,
			);
			name = Main.storyboard;
			sourceTree = "<group>";
		};
/* End PBXVariantGroup section */

/* Begin XCBuildConfiguration section */
		4E099BA319DEB77F00BAC93F /* Debug */ = {
			isa = XCBuildConfiguration;
			buildSettings = {
				ALWAYS_SEARCH_USER_PATHS = NO;
				CLANG_CXX_LANGUAGE_STANDARD = "gnu++0x";
				CLANG_CXX_LIBRARY = "libc++";
				CLANG_ENABLE_MODULES = YES;
				CLANG_ENABLE_OBJC_ARC = YES;
				CLANG_WARN_BOOL_CONVERSION = YES;
				CLANG_WARN_CONSTANT_CONVERSION = YES;
				CLANG_WARN_DIRECT_OBJC_ISA_USAGE = YES_ERROR;
				CLANG_WARN_EMPTY_BODY = YES;
				CLANG_WARN_ENUM_CONVERSION = YES;
				CLANG_WARN_INT_CONVERSION = YES;
				CLANG_WARN_OBJC_ROOT_CLASS = YES_ERROR;
				CLANG_WARN_UNREACHABLE_CODE = YES;
				CLANG_WARN__DUPLICATE_METHOD_MATCH = YES;
				"CODE_SIGN_IDENTITY[sdk=iphoneos*]" = "iPhone Developer";
				COPY_PHASE_STRIP = NO;
				ENABLE_STRICT_OBJC_MSGSEND = YES;
				GCC_C_LANGUAGE_STANDARD = gnu99;
				GCC_DYNAMIC_NO_PIC = NO;
				GCC_OPTIMIZATION_LEVEL = 0;
				GCC_PREPROCESSOR_DEFINITIONS = (
					"DEBUG=1",
					"$(inherited)",
				);
				GCC_SYMBOLS_PRIVATE_EXTERN = NO;
				GCC_WARN_64_TO_32_BIT_CONVERSION = YES;
				GCC_WARN_ABOUT_RETURN_TYPE = YES_ERROR;
				GCC_WARN_UNDECLARED_SELECTOR = YES;
				GCC_WARN_UNINITIALIZED_AUTOS = YES_AGGRESSIVE;
				GCC_WARN_UNUSED_FUNCTION = YES;
				GCC_WARN_UNUSED_VARIABLE = YES;
				IPHONEOS_DEPLOYMENT_TARGET = 8.0;
				MTL_ENABLE_DEBUG_INFO = YES;
				ONLY_ACTIVE_ARCH = YES;
				SDKROOT = iphoneos;
			};
			name = Debug;
		};
		4E099BA419DEB77F00BAC93F /* Release */ = {
			isa = XCBuildConfiguration;
			buildSettings = {
				ALWAYS_SEARCH_USER_PATHS = NO;
				CLANG_CXX_LANGUAGE_STANDARD = "gnu++0x";
				CLANG_CXX_LIBRARY = "libc++";
				CLANG_ENABLE_MODULES = YES;
				CLANG_ENABLE_OBJC_ARC = YES;
				CLANG_WARN_BOOL_CONVERSION = YES;
				CLANG_WARN_CONSTANT_CONVERSION = YES;
				CLANG_WARN_DIRECT_OBJC_ISA_USAGE = YES_ERROR;
				CLANG_WARN_EMPTY_BODY = YES;
				CLANG_WARN_ENUM_CONVERSION = YES;
				CLANG_WARN_INT_CONVERSION = YES;
				CLANG_WARN_OBJC_ROOT_CLASS = YES_ERROR;
				CLANG_WARN_UNREACHABLE_CODE = YES;
				CLANG_WARN__DUPLICATE_METHOD_MATCH = YES;
				"CODE_SIGN_IDENTITY[sdk=iphoneos*]" = "iPhone Developer";
				COPY_PHASE_STRIP = YES;
				ENABLE_NS_ASSERTIONS = NO;
				ENABLE_STRICT_OBJC_MSGSEND = YES;
				GCC_C_LANGUAGE_STANDARD = gnu99;
				GCC_WARN_64_TO_32_BIT_CONVERSION = YES;
				GCC_WARN_ABOUT_RETURN_TYPE = YES_ERROR;
				GCC_WARN_UNDECLARED_SELECTOR = YES;
				GCC_WARN_UNINITIALIZED_AUTOS = YES_AGGRESSIVE;
				GCC_WARN_UNUSED_FUNCTION = YES;
				GCC_WARN_UNUSED_VARIABLE = YES;
				IPHONEOS_DEPLOYMENT_TARGET = 8.0;
				MTL_ENABLE_DEBUG_INFO = NO;
				SDKROOT = iphoneos;
				VALIDATE_PRODUCT = YES;
			};
			name = Release;
		};
		4E099BA619DEB77F00BAC93F /* Debug */ = {
			isa = XCBuildConfiguration;
			buildSettings = {
				ASSETCATALOG_COMPILER_APPICON_NAME = AppIcon;
				INFOPLIST_FILE = GameOfLife/Info.plist;
				LD_RUNPATH_SEARCH_PATHS = "$(inherited) @executable_path/Frameworks";
				PRODUCT_NAME = GameOfLife;
				TARGETED_DEVICE_FAMILY = 2;
			};
			name = Debug;
		};
		4E099BA719DEB77F00BAC93F /* Release */ = {
			isa = XCBuildConfiguration;
			buildSettings = {
				ASSETCATALOG_COMPILER_APPICON_NAME = AppIcon;
				INFOPLIST_FILE = GameOfLife/Info.plist;
				LD_RUNPATH_SEARCH_PATHS = "$(inherited) @executable_path/Frameworks";
				PRODUCT_NAME = GameOfLife;
				TARGETED_DEVICE_FAMILY = 2;
			};
			name = Release;
		};
/* End XCBuildConfiguration section */

/* Begin XCConfigurationList section */
		4E099B7D19DEB77F00BAC93F /* Build configuration list for PBXProject "GameOfLife" */ = {
			isa = XCConfigurationList;
			buildConfigurations = (
				4E099BA319DEB77F00BAC93F /* Debug */,
				4E099BA419DEB77F00BAC93F /* Release */,
			);
			defaultConfigurationIsVisible = 0;
			defaultConfigurationName = Release;
		};
		4E099BA519DEB77F00BAC93F /* Build configuration list for PBXNativeTarget "GameOfLife" */ = {
			isa = XCConfigurationList;
			buildConfigurations = (
				4E099BA619DEB77F00BAC93F /* Debug */,
				4E099BA719DEB77F00BAC93F /* Release */,
			);
			defaultConfigurationIsVisible = 0;
			defaultConfigurationName = Release;
		};
/* End XCConfigurationList section */
	};
	rootObject = 4E099B7A19DEB77F00BAC93F /* Project object */;
}
